
Microsoft Visual Studio Solution File, Format Version 12.00
# Visual Studio 15
VisualStudioVersion = 15.0.27428.2037
MinimumVisualStudioVersion = 10.0.40219.1
Project("{2150E333-8FDC-42A3-9474-1A3956D46DE8}") = "1-Apresentation", "1-Apresentation", "{55F1FFA2-C495-483F-B1D9-E1665E5BCD23}"
EndProject
Project("{2150E333-8FDC-42A3-9474-1A3956D46DE8}") = "2-Domain", "2-Domain", "{83FFAB63-6947-4C58-9D67-334B1EB17129}"
EndProject
Project("{2150E333-8FDC-42A3-9474-1A3956D46DE8}") = "3-Repositorie", "3-Repositorie", "{0BEA8F4D-6BC1-4C2B-A4D1-20FCBCA78BE6}"
EndProject
Project("{FAE04EC0-301F-11D3-BF4B-00C04F79EFBC}") = "MinhaPrimeiraLojaVirtual.Domain", "MinhaPrimeiraLojaVirtual.Domain\MinhaPrimeiraLojaVirtual.Domain.csproj", "{CB1FCBB3-7286-437B-A85B-176864D60855}"
EndProject
Project("{FAE04EC0-301F-11D3-BF4B-00C04F79EFBC}") = "MinhaPrimeiraLojaVirtual.Web", "MinhaPrimeiraLojaVirtual.Web\MinhaPrimeiraLojaVirtual.Web.csproj", "{84BE00AF-24EA-49E6-A87B-609F6829FCE8}"
EndProject
Project("{2150E333-8FDC-42A3-9474-1A3956D46DE8}") = "Teste", "Teste", "{0A94D660-106D-4690-ADBD-4DA70572996E}"
EndProject
Project("{FAE04EC0-301F-11D3-BF4B-00C04F79EFBC}") = "MinhaPrimeiraLoja.UnitTest", "MinhaPrimeiraLoja.UnitTest\MinhaPrimeiraLoja.UnitTest.csproj", "{67C804A4-ABB4-4E25-A2D6-362C276AE6B1}"
EndProject
Project("{FAE04EC0-301F-11D3-BF4B-00C04F79EFBC}") = "MinhaPrimeiraLoja.Repositorie", "MinhaPrimeiraLoja.Repositorie\MinhaPrimeiraLoja.Repositorie.csproj", "{1C790413-24FF-4AD5-8997-551FE5EDA211}"
EndProject
Global
	GlobalSection(SolutionConfigurationPlatforms) = preSolution
		Debug|Any CPU = Debug|Any CPU
		Release|Any CPU = Release|Any CPU
	EndGlobalSection
	GlobalSection(ProjectConfigurationPlatforms) = postSolution
		{CB1FCBB3-7286-437B-A85B-176864D60855}.Debug|Any CPU.ActiveCfg = Debug|Any CPU
		{CB1FCBB3-7286-437B-A85B-176864D60855}.Debug|Any CPU.Build.0 = Debug|Any CPU
		{CB1FCBB3-7286-437B-A85B-176864D60855}.Release|Any CPU.ActiveCfg = Release|Any CPU
		{CB1FCBB3-7286-437B-A85B-176864D60855}.Release|Any CPU.Build.0 = Release|Any CPU
		{84BE00AF-24EA-49E6-A87B-609F6829FCE8}.Debug|Any CPU.ActiveCfg = Debug|Any CPU
		{84BE00AF-24EA-49E6-A87B-609F6829FCE8}.Debug|Any CPU.Build.0 = Debug|Any CPU
		{84BE00AF-24EA-49E6-A87B-609F6829FCE8}.Release|Any CPU.ActiveCfg = Release|Any CPU
		{84BE00AF-24EA-49E6-A87B-609F6829FCE8}.Release|Any CPU.Build.0 = Release|Any CPU
		{67C804A4-ABB4-4E25-A2D6-362C276AE6B1}.Debug|Any CPU.ActiveCfg = Debug|Any CPU
		{67C804A4-ABB4-4E25-A2D6-362C276AE6B1}.Debug|Any CPU.Build.0 = Debug|Any CPU
		{67C804A4-ABB4-4E25-A2D6-362C276AE6B1}.Release|Any CPU.ActiveCfg = Release|Any CPU
		{67C804A4-ABB4-4E25-A2D6-362C276AE6B1}.Release|Any CPU.Build.0 = Release|Any CPU
		{1C790413-24FF-4AD5-8997-551FE5EDA211}.Debug|Any CPU.ActiveCfg = Debug|Any CPU
		{1C790413-24FF-4AD5-8997-551FE5EDA211}.Debug|Any CPU.Build.0 = Debug|Any CPU
		{1C790413-24FF-4AD5-8997-551FE5EDA211}.Release|Any CPU.ActiveCfg = Release|Any CPU
		{1C790413-24FF-4AD5-8997-551FE5EDA211}.Release|Any CPU.Build.0 = Release|Any CPU
	EndGlobalSection
	GlobalSection(SolutionProperties) = preSolution
		HideSolutionNode = FALSE
	EndGlobalSection
	GlobalSection(NestedProjects) = preSolution
		{CB1FCBB3-7286-437B-A85B-176864D60855} = {83FFAB63-6947-4C58-9D67-334B1EB17129}
		{84BE00AF-24EA-49E6-A87B-609F6829FCE8} = {55F1FFA2-C495-483F-B1D9-E1665E5BCD23}
		{67C804A4-ABB4-4E25-A2D6-362C276AE6B1} = {0A94D660-106D-4690-ADBD-4DA70572996E}
		{1C790413-24FF-4AD5-8997-551FE5EDA211} = {0BEA8F4D-6BC1-4C2B-A4D1-20FCBCA78BE6}
	EndGlobalSection
	GlobalSection(ExtensibilityGlobals) = postSolution
		SolutionGuid = {603B3715-9126-4312-807C-E588B56D995D}
	EndGlobalSection
EndGlobal
